<?xml version="1.0" encoding="utf-8"?>
<Project ToolsVersion="4.0" xmlns="http://schemas.microsoft.com/developer/msbuild/2003">
  <ItemGroup>
    <Filter Include="include">
      <UniqueIdentifier>{89AF369E-F58E-B539-FEA6-40106A051C9B}</UniqueIdentifier>
    </Filter>
    <Filter Include="include\GL">
      <UniqueIdentifier>{4B40B8DA-37F8-F927-A0FF-D2838CD69418}</UniqueIdentifier>
    </Filter>
    <Filter Include="include\GLFW">
      <UniqueIdentifier>{6888C969-54EB-580E-FD70-91C4E9B22491}</UniqueIdentifier>
    </Filter>
    <Filter Include="include\spdlog">
      <UniqueIdentifier>{A18B8C6B-8D59-8071-76ED-F097625A5CD6}</UniqueIdentifier>
    </Filter>
    <Filter Include="include\spdlog\cfg">
      <UniqueIdentifier>{A0EC5630-8CD0-1786-F530-12D9E1330208}</UniqueIdentifier>
    </Filter>
    <Filter Include="include\spdlog\details">
      <UniqueIdentifier>{168D0371-0287-2CC3-EBF3-C2D3D78C922F}</UniqueIdentifier>
    </Filter>
    <Filter Include="include\spdlog\fmt">
      <UniqueIdentifier>{57FA5630-43DE-1786-AC3E-12D998410208}</UniqueIdentifier>
    </Filter>
    <Filter Include="include\spdlog\fmt\bundled">
      <UniqueIdentifier>{4480C733-3090-7304-9949-D8228578629D}</UniqueIdentifier>
    </Filter>
    <Filter Include="include\spdlog\sinks">
      <UniqueIdentifier>{D8EDE7A2-C47C-716C-6D9B-856759098212}</UniqueIdentifier>
    </Filter>
    <Filter Include="src">
      <UniqueIdentifier>{2DAB880B-99B4-887C-2230-9F7C8E38947C}</UniqueIdentifier>
    </Filter>
    <Filter Include="src\imgui">
      <UniqueIdentifier>{57A665B5-C310-1A2C-0C4F-CBD178F8F780}</UniqueIdentifier>
    </Filter>
    <Filter Include="src\puly">
      <UniqueIdentifier>{869935CF-7266-90DA-9B7F-7E8287ABC568}</UniqueIdentifier>
    </Filter>
    <Filter Include="src\puly\lowlevel">
      <UniqueIdentifier>{FF34AAB5-6B4B-A84B-B4C2-336D201879D3}</UniqueIdentifier>
    </Filter>
    <Filter Include="src\puly\lowlevel\debugging">
      <UniqueIdentifier>{9A7D1203-068B-40E9-8F71-3CD4FB7D0CA0}</UniqueIdentifier>
    </Filter>
    <Filter Include="src\puly\lowlevel\iniParser">
      <UniqueIdentifier>{1B97F35B-87A4-2142-108B-1D2D7C97EDF8}</UniqueIdentifier>
    </Filter>
    <Filter Include="src\puly\renderer">
      <UniqueIdentifier>{0C90DF27-78A6-DDBD-C11D-69DF2D73AE45}</UniqueIdentifier>
    </Filter>
    <Filter Include="src\puly\window">
      <UniqueIdentifier>{CD077643-3993-E307-42A4-66FCAEAE3F08}</UniqueIdentifier>
    </Filter>
  </ItemGroup>
  <ItemGroup>
    <ClInclude Include="include\GL\eglew.h">
      <Filter>include\GL</Filter>
    </ClInclude>
    <ClInclude Include="include\GL\glew.h">
      <Filter>include\GL</Filter>
    </ClInclude>
    <ClInclude Include="include\GL\glxew.h">
      <Filter>include\GL</Filter>
    </ClInclude>
    <ClInclude Include="include\GL\wglew.h">
      <Filter>include\GL</Filter>
    </ClInclude>
    <ClInclude Include="include\GLFW\glfw3.h">
      <Filter>include\GLFW</Filter>
    </ClInclude>
    <ClInclude Include="include\GLFW\glfw3native.h">
      <Filter>include\GLFW</Filter>
    </ClInclude>
    <ClInclude Include="include\spdlog\async.h">
      <Filter>include\spdlog</Filter>
    </ClInclude>
    <ClInclude Include="include\spdlog\async_logger-inl.h">
      <Filter>include\spdlog</Filter>
    </ClInclude>
    <ClInclude Include="include\spdlog\async_logger.h">
      <Filter>include\spdlog</Filter>
    </ClInclude>
    <ClInclude Include="include\spdlog\cfg\argv.h">
      <Filter>include\spdlog\cfg</Filter>
    </ClInclude>
    <ClInclude Include="include\spdlog\cfg\env.h">
      <Filter>include\spdlog\cfg</Filter>
    </ClInclude>
    <ClInclude Include="include\spdlog\cfg\helpers-inl.h">
      <Filter>include\spdlog\cfg</Filter>
    </ClInclude>
    <ClInclude Include="include\spdlog\cfg\helpers.h">
      <Filter>include\spdlog\cfg</Filter>
    </ClInclude>
    <ClInclude Include="include\spdlog\cfg\log_levels.h">
      <Filter>include\spdlog\cfg</Filter>
    </ClInclude>
    <ClInclude Include="include\spdlog\common-inl.h">
      <Filter>include\spdlog</Filter>
    </ClInclude>
    <ClInclude Include="include\spdlog\common.h">
      <Filter>include\spdlog</Filter>
    </ClInclude>
    <ClInclude Include="include\spdlog\details\backtracer-inl.h">
      <Filter>include\spdlog\details</Filter>
    </ClInclude>
    <ClInclude Include="include\spdlog\details\backtracer.h">
      <Filter>include\spdlog\details</Filter>
    </ClInclude>
    <ClInclude Include="include\spdlog\details\circular_q.h">
      <Filter>include\spdlog\details</Filter>
    </ClInclude>
    <ClInclude Include="include\spdlog\details\console_globals.h">
      <Filter>include\spdlog\details</Filter>
    </ClInclude>
    <ClInclude Include="include\spdlog\details\file_helper-inl.h">
      <Filter>include\spdlog\details</Filter>
    </ClInclude>
    <ClInclude Include="include\spdlog\details\file_helper.h">
      <Filter>include\spdlog\details</Filter>
    </ClInclude>
    <ClInclude Include="include\spdlog\details\fmt_helper.h">
      <Filter>include\spdlog\details</Filter>
    </ClInclude>
    <ClInclude Include="include\spdlog\details\log_msg-inl.h">
      <Filter>include\spdlog\details</Filter>
    </ClInclude>
    <ClInclude Include="include\spdlog\details\log_msg.h">
      <Filter>include\spdlog\details</Filter>
    </ClInclude>
    <ClInclude Include="include\spdlog\details\log_msg_buffer-inl.h">
      <Filter>include\spdlog\details</Filter>
    </ClInclude>
    <ClInclude Include="include\spdlog\details\log_msg_buffer.h">
      <Filter>include\spdlog\details</Filter>
    </ClInclude>
    <ClInclude Include="include\spdlog\details\mpmc_blocking_q.h">
      <Filter>include\spdlog\details</Filter>
    </ClInclude>
    <ClInclude Include="include\spdlog\details\null_mutex.h">
      <Filter>include\spdlog\details</Filter>
    </ClInclude>
    <ClInclude Include="include\spdlog\details\os-inl.h">
      <Filter>include\spdlog\details</Filter>
    </ClInclude>
    <ClInclude Include="include\spdlog\details\os.h">
      <Filter>include\spdlog\details</Filter>
    </ClInclude>
    <ClInclude Include="include\spdlog\details\periodic_worker-inl.h">
      <Filter>include\spdlog\details</Filter>
    </ClInclude>
    <ClInclude Include="include\spdlog\details\periodic_worker.h">
      <Filter>include\spdlog\details</Filter>
    </ClInclude>
    <ClInclude Include="include\spdlog\details\registry-inl.h">
      <Filter>include\spdlog\details</Filter>
    </ClInclude>
    <ClInclude Include="include\spdlog\details\registry.h">
      <Filter>include\spdlog\details</Filter>
    </ClInclude>
    <ClInclude Include="include\spdlog\details\synchronous_factory.h">
      <Filter>include\spdlog\details</Filter>
    </ClInclude>
    <ClInclude Include="include\spdlog\details\tcp_client-windows.h">
      <Filter>include\spdlog\details</Filter>
    </ClInclude>
    <ClInclude Include="include\spdlog\details\tcp_client.h">
      <Filter>include\spdlog\details</Filter>
    </ClInclude>
    <ClInclude Include="include\spdlog\details\thread_pool-inl.h">
      <Filter>include\spdlog\details</Filter>
    </ClInclude>
    <ClInclude Include="include\spdlog\details\thread_pool.h">
      <Filter>include\spdlog\details</Filter>
    </ClInclude>
    <ClInclude Include="include\spdlog\details\windows_include.h">
      <Filter>include\spdlog\details</Filter>
    </ClInclude>
    <ClInclude Include="include\spdlog\fmt\bin_to_hex.h">
      <Filter>include\spdlog\fmt</Filter>
    </ClInclude>
    <ClInclude Include="include\spdlog\fmt\bundled\chrono.h">
      <Filter>include\spdlog\fmt\bundled</Filter>
    </ClInclude>
    <ClInclude Include="include\spdlog\fmt\bundled\color.h">
      <Filter>include\spdlog\fmt\bundled</Filter>
    </ClInclude>
    <ClInclude Include="include\spdlog\fmt\bundled\compile.h">
      <Filter>include\spdlog\fmt\bundled</Filter>
    </ClInclude>
    <ClInclude Include="include\spdlog\fmt\bundled\core.h">
      <Filter>include\spdlog\fmt\bundled</Filter>
    </ClInclude>
    <ClInclude Include="include\spdlog\fmt\bundled\format-inl.h">
      <Filter>include\spdlog\fmt\bundled</Filter>
    </ClInclude>
    <ClInclude Include="include\spdlog\fmt\bundled\format.h">
      <Filter>include\spdlog\fmt\bundled</Filter>
    </ClInclude>
    <ClInclude Include="include\spdlog\fmt\bundled\locale.h">
      <Filter>include\spdlog\fmt\bundled</Filter>
    </ClInclude>
    <ClInclude Include="include\spdlog\fmt\bundled\ostream.h">
      <Filter>include\spdlog\fmt\bundled</Filter>
    </ClInclude>
    <ClInclude Include="include\spdlog\fmt\bundled\posix.h">
      <Filter>include\spdlog\fmt\bundled</Filter>
    </ClInclude>
    <ClInclude Include="include\spdlog\fmt\bundled\printf.h">
      <Filter>include\spdlog\fmt\bundled</Filter>
    </ClInclude>
    <ClInclude Include="include\spdlog\fmt\bundled\ranges.h">
      <Filter>include\spdlog\fmt\bundled</Filter>
    </ClInclude>
    <ClInclude Include="include\spdlog\fmt\fmt.h">
      <Filter>include\spdlog\fmt</Filter>
    </ClInclude>
    <ClInclude Include="include\spdlog\fmt\ostr.h">
      <Filter>include\spdlog\fmt</Filter>
    </ClInclude>
    <ClInclude Include="include\spdlog\formatter.h">
      <Filter>include\spdlog</Filter>
    </ClInclude>
    <ClInclude Include="include\spdlog\fwd.h">
      <Filter>include\spdlog</Filter>
    </ClInclude>
    <ClInclude Include="include\spdlog\logger-inl.h">
      <Filter>include\spdlog</Filter>
    </ClInclude>
    <ClInclude Include="include\spdlog\logger.h">
      <Filter>include\spdlog</Filter>
    </ClInclude>
    <ClInclude Include="include\spdlog\pattern_formatter-inl.h">
      <Filter>include\spdlog</Filter>
    </ClInclude>
    <ClInclude Include="include\spdlog\pattern_formatter.h">
      <Filter>include\spdlog</Filter>
    </ClInclude>
    <ClInclude Include="include\spdlog\sinks\android_sink.h">
      <Filter>include\spdlog\sinks</Filter>
    </ClInclude>
    <ClInclude Include="include\spdlog\sinks\ansicolor_sink-inl.h">
      <Filter>include\spdlog\sinks</Filter>
    </ClInclude>
    <ClInclude Include="include\spdlog\sinks\ansicolor_sink.h">
      <Filter>include\spdlog\sinks</Filter>
    </ClInclude>
    <ClInclude Include="include\spdlog\sinks\base_sink-inl.h">
      <Filter>include\spdlog\sinks</Filter>
    </ClInclude>
    <ClInclude Include="include\spdlog\sinks\base_sink.h">
      <Filter>include\spdlog\sinks</Filter>
    </ClInclude>
    <ClInclude Include="include\spdlog\sinks\basic_file_sink-inl.h">
      <Filter>include\spdlog\sinks</Filter>
    </ClInclude>
    <ClInclude Include="include\spdlog\sinks\basic_file_sink.h">
      <Filter>include\spdlog\sinks</Filter>
    </ClInclude>
    <ClInclude Include="include\spdlog\sinks\daily_file_sink.h">
      <Filter>include\spdlog\sinks</Filter>
    </ClInclude>
    <ClInclude Include="include\spdlog\sinks\dist_sink.h">
      <Filter>include\spdlog\sinks</Filter>
    </ClInclude>
    <ClInclude Include="include\spdlog\sinks\dup_filter_sink.h">
      <Filter>include\spdlog\sinks</Filter>
    </ClInclude>
    <ClInclude Include="include\spdlog\sinks\msvc_sink.h">
      <Filter>include\spdlog\sinks</Filter>
    </ClInclude>
    <ClInclude Include="include\spdlog\sinks\null_sink.h">
      <Filter>include\spdlog\sinks</Filter>
    </ClInclude>
    <ClInclude Include="include\spdlog\sinks\ostream_sink.h">
      <Filter>include\spdlog\sinks</Filter>
    </ClInclude>
    <ClInclude Include="include\spdlog\sinks\ringbuffer_sink.h">
      <Filter>include\spdlog\sinks</Filter>
    </ClInclude>
    <ClInclude Include="include\spdlog\sinks\rotating_file_sink-inl.h">
      <Filter>include\spdlog\sinks</Filter>
    </ClInclude>
    <ClInclude Include="include\spdlog\sinks\rotating_file_sink.h">
      <Filter>include\spdlog\sinks</Filter>
    </ClInclude>
    <ClInclude Include="include\spdlog\sinks\sink-inl.h">
      <Filter>include\spdlog\sinks</Filter>
    </ClInclude>
    <ClInclude Include="include\spdlog\sinks\sink.h">
      <Filter>include\spdlog\sinks</Filter>
    </ClInclude>
    <ClInclude Include="include\spdlog\sinks\stdout_color_sinks-inl.h">
      <Filter>include\spdlog\sinks</Filter>
    </ClInclude>
    <ClInclude Include="include\spdlog\sinks\stdout_color_sinks.h">
      <Filter>include\spdlog\sinks</Filter>
    </ClInclude>
    <ClInclude Include="include\spdlog\sinks\stdout_sinks-inl.h">
      <Filter>include\spdlog\sinks</Filter>
    </ClInclude>
    <ClInclude Include="include\spdlog\sinks\stdout_sinks.h">
      <Filter>include\spdlog\sinks</Filter>
    </ClInclude>
    <ClInclude Include="include\spdlog\sinks\syslog_sink.h">
      <Filter>include\spdlog\sinks</Filter>
    </ClInclude>
    <ClInclude Include="include\spdlog\sinks\systemd_sink.h">
      <Filter>include\spdlog\sinks</Filter>
    </ClInclude>
    <ClInclude Include="include\spdlog\sinks\tcp_sink.h">
      <Filter>include\spdlog\sinks</Filter>
    </ClInclude>
    <ClInclude Include="include\spdlog\sinks\win_eventlog_sink.h">
      <Filter>include\spdlog\sinks</Filter>
    </ClInclude>
    <ClInclude Include="include\spdlog\sinks\wincolor_sink-inl.h">
      <Filter>include\spdlog\sinks</Filter>
    </ClInclude>
    <ClInclude Include="include\spdlog\sinks\wincolor_sink.h">
      <Filter>include\spdlog\sinks</Filter>
    </ClInclude>
    <ClInclude Include="include\spdlog\spdlog-inl.h">
      <Filter>include\spdlog</Filter>
    </ClInclude>
    <ClInclude Include="include\spdlog\spdlog.h">
      <Filter>include\spdlog</Filter>
    </ClInclude>
    <ClInclude Include="include\spdlog\tweakme.h">
      <Filter>include\spdlog</Filter>
    </ClInclude>
    <ClInclude Include="include\spdlog\version.h">
      <Filter>include\spdlog</Filter>
    </ClInclude>
    <ClInclude Include="src\imgui\imconfig.h">
      <Filter>src\imgui</Filter>
    </ClInclude>
    <ClInclude Include="src\imgui\imgui.h">
      <Filter>src\imgui</Filter>
    </ClInclude>
    <ClInclude Include="src\imgui\imgui_impl_glfw.h">
      <Filter>src\imgui</Filter>
    </ClInclude>
    <ClInclude Include="src\imgui\imgui_impl_opengl3.h">
      <Filter>src\imgui</Filter>
    </ClInclude>
    <ClInclude Include="src\imgui\imgui_internal.h">
      <Filter>src\imgui</Filter>
    </ClInclude>
    <ClInclude Include="src\imgui\imstb_rectpack.h">
      <Filter>src\imgui</Filter>
    </ClInclude>
    <ClInclude Include="src\imgui\imstb_textedit.h">
      <Filter>src\imgui</Filter>
    </ClInclude>
    <ClInclude Include="src\imgui\imstb_truetype.h">
      <Filter>src\imgui</Filter>
    </ClInclude>
    <ClInclude Include="src\puly\Application.h">
      <Filter>src\puly</Filter>
    </ClInclude>
    <ClInclude Include="src\puly\SubSystems.h">
      <Filter>src\puly</Filter>
    </ClInclude>
    <ClInclude Include="src\puly\lowlevel\Configuration.h">
      <Filter>src\puly\lowlevel</Filter>
    </ClInclude>
    <ClInclude Include="src\puly\lowlevel\Input.h">
      <Filter>src\puly\lowlevel</Filter>
    </ClInclude>
    <ClInclude Include="src\puly\lowlevel\KeyCodes.h">
      <Filter>src\puly\lowlevel</Filter>
    </ClInclude>
    <ClInclude Include="src\puly\lowlevel\MouseButtonCodes.h">
      <Filter>src\puly\lowlevel</Filter>
    </ClInclude>
    <ClInclude Include="src\puly\lowlevel\Timestep.h">
      <Filter>src\puly\lowlevel</Filter>
    </ClInclude>
    <ClInclude Include="src\puly\lowlevel\debugging\ImGuiSystem.h">
      <Filter>src\puly\lowlevel\debugging</Filter>
    </ClInclude>
    <ClInclude Include="src\puly\lowlevel\debugging\Log.h">
      <Filter>src\puly\lowlevel\debugging</Filter>
    </ClInclude>
    <ClInclude Include="src\puly\lowlevel\iniParser\ConvertUTF.h">
      <Filter>src\puly\lowlevel\iniParser</Filter>
    </ClInclude>
    <ClInclude Include="src\puly\lowlevel\iniParser\SimpleIni.h">
      <Filter>src\puly\lowlevel\iniParser</Filter>
    </ClInclude>
    <ClInclude Include="src\puly\renderer\Shader.h">
      <Filter>src\puly\renderer</Filter>
    </ClInclude>
    <ClInclude Include="src\puly\window\Window.h">
      <Filter>src\puly\window</Filter>
    </ClInclude>
    <ClInclude Include="src\puly\window\WindowsInput.h">
      <Filter>src\puly\window</Filter>
    </ClInclude>
    <ClInclude Include="src\puly\lowlevel\ResourceManager.h" />
    <ClInclude Include="src\puly\renderer\Buffer.h" />
    <ClInclude Include="src\puly\opengl\OpenGLBuffer.h" />
    <ClInclude Include="src\puly\renderer\Renderer.h" />
    <ClInclude Include="src\puly\renderer\VertexArray.h" />
    <ClInclude Include="src\puly\opengl\OpenGLVertexArray.h" />
    <ClInclude Include="src\puly\lowlevel\debugging\primitives\DebugLine.h" />
    <ClInclude Include="src\puly\lowlevel\debugging\primitives\Point.h" />
    <ClInclude Include="src\puly\lowlevel\debugging\DebugDrawManager.h" />
    <ClInclude Include="src\puly\renderer\RendererAPI.h" />
    <ClInclude Include="src\puly\renderer\RenderCommand.h" />
    <ClInclude Include="src\puly\opengl\OpenGLRendererApi.h" />
  </ItemGroup>
  <ItemGroup>
    <ClCompile Include="src\Main.cpp">
      <Filter>src</Filter>
    </ClCompile>
    <ClCompile Include="src\imgui\imgui.cpp">
      <Filter>src\imgui</Filter>
    </ClCompile>
    <ClCompile Include="src\imgui\imgui_demo.cpp">
      <Filter>src\imgui</Filter>
    </ClCompile>
    <ClCompile Include="src\imgui\imgui_draw.cpp">
      <Filter>src\imgui</Filter>
    </ClCompile>
    <ClCompile Include="src\imgui\imgui_impl_glfw.cpp">
      <Filter>src\imgui</Filter>
    </ClCompile>
    <ClCompile Include="src\imgui\imgui_impl_opengl3.cpp">
      <Filter>src\imgui</Filter>
    </ClCompile>
    <ClCompile Include="src\imgui\imgui_widgets.cpp">
      <Filter>src\imgui</Filter>
    </ClCompile>
    <ClCompile Include="src\puly\Application.cpp">
      <Filter>src\puly</Filter>
    </ClCompile>
    <ClCompile Include="src\puly\SubSystems.cpp">
      <Filter>src\puly</Filter>
    </ClCompile>
    <ClCompile Include="src\puly\lowlevel\Configuration.cpp">
      <Filter>src\puly\lowlevel</Filter>
    </ClCompile>
    <ClCompile Include="src\puly\lowlevel\debugging\ImGuiSystem.cpp">
      <Filter>src\puly\lowlevel\debugging</Filter>
    </ClCompile>
    <ClCompile Include="src\puly\lowlevel\debugging\Log.cpp">
      <Filter>src\puly\lowlevel\debugging</Filter>
    </ClCompile>
    <ClCompile Include="src\puly\renderer\Shader.cpp">
      <Filter>src\puly\renderer</Filter>
    </ClCompile>
    <ClCompile Include="src\puly\window\Window.cpp">
      <Filter>src\puly\window</Filter>
    </ClCompile>
    <ClCompile Include="src\puly\window\WindowsInput.cpp">
      <Filter>src\puly\window</Filter>
    </ClCompile>
    <ClCompile Include="src\puly\lowlevel\ResourceManager.cpp" />
    <ClCompile Include="src\puly\renderer\Buffer.cpp" />
    <ClCompile Include="src\puly\opengl\OpenGLBuffer.cpp" />
    <ClCompile Include="src\puly\renderer\Renderer.cpp" />
    <ClCompile Include="src\puly\renderer\VertexArray.cpp" />
    <ClCompile Include="src\puly\opengl\OpenGLVertexArray.cpp" />
    <ClCompile Include="src\puly\lowlevel\debugging\primitives\DebugLine.cpp" />
    <ClCompile Include="src\puly\lowlevel\debugging\DebugDrawManager.cpp" />
    <ClCompile Include="src\puly\renderer\RendererAPI.cpp" />
    <ClCompile Include="src\puly\renderer\RenderCommand.cpp" />
    <ClCompile Include="src\puly\opengl\OpenGLRendererApi.cpp" />
  </ItemGroup>
  <ItemGroup>
    <None Include="resources\shaders\triangleVertexShader.glsl" />
    <None Include="resources\shaders\triangleFragmentShader.glsl" />
  </ItemGroup>
</Project>